
Microsoft Visual Studio Solution File, Format Version 12.00
# Visual Studio Version 17
VisualStudioVersion = 17.8.34330.188
MinimumVisualStudioVersion = 10.0.40219.1
Project("{FAE04EC0-301F-11D3-BF4B-00C04F79EFBC}") = "OrderManagement", "OrderManagement\OrderManagement.csproj", "{B05C6F9B-32A7-45A0-8D77-BCB3CE11A818}"
EndProject
Global
	GlobalSection(SolutionConfigurationPlatforms) = preSolution
		Debug|Any CPU = Debug|Any CPU
		Release|Any CPU = Release|Any CPU
	EndGlobalSection
	GlobalSection(ProjectConfigurationPlatforms) = postSolution
		{B05C6F9B-32A7-45A0-8D77-BCB3CE11A818}.Debug|Any CPU.ActiveCfg = Debug|Any CPU
		{B05C6F9B-32A7-45A0-8D77-BCB3CE11A818}.Debug|Any CPU.Build.0 = Debug|Any CPU
		{B05C6F9B-32A7-45A0-8D77-BCB3CE11A818}.Release|Any CPU.ActiveCfg = Release|Any CPU
		{B05C6F9B-32A7-45A0-8D77-BCB3CE11A818}.Release|Any CPU.Build.0 = Release|Any CPU
	EndGlobalSection
	GlobalSection(SolutionProperties) = preSolution
		HideSolutionNode = FALSE
	EndGlobalSection
	GlobalSection(ExtensibilityGlobals) = postSolution
		SolutionGuid = {EBAC61DC-CF94-4EB3-BE00-6AB946B38F97}
	EndGlobalSection
EndGlobal
